
Microsoft Visual Studio Solution File, Format Version 12.00
# Visual Studio Version 16
VisualStudioVersion = 16.0.31112.23
MinimumVisualStudioVersion = 10.0.40219.1
Project("{FAE04EC0-301F-11D3-BF4B-00C04F79EFBC}") = "Razorpay.Integration", "Razorpay.Integration\Razorpay.Integration.csproj", "{1122CA66-DE27-4D64-BF33-8F7D7B1BF3A3}"
EndProject
Global
	GlobalSection(SolutionConfigurationPlatforms) = preSolution
		Debug|Any CPU = Debug|Any CPU
		Release|Any CPU = Release|Any CPU
	EndGlobalSection
	GlobalSection(ProjectConfigurationPlatforms) = postSolution
		{1122CA66-DE27-4D64-BF33-8F7D7B1BF3A3}.Debug|Any CPU.ActiveCfg = Debug|Any CPU
		{1122CA66-DE27-4D64-BF33-8F7D7B1BF3A3}.Debug|Any CPU.Build.0 = Debug|Any CPU
		{1122CA66-DE27-4D64-BF33-8F7D7B1BF3A3}.Release|Any CPU.ActiveCfg = Release|Any CPU
		{1122CA66-DE27-4D64-BF33-8F7D7B1BF3A3}.Release|Any CPU.Build.0 = Release|Any CPU
	EndGlobalSection
	GlobalSection(SolutionProperties) = preSolution
		HideSolutionNode = FALSE
	EndGlobalSection
	GlobalSection(ExtensibilityGlobals) = postSolution
		SolutionGuid = {565FB482-F054-4BCF-9A26-1550ADCEBADD}
	EndGlobalSection
EndGlobal
